// !$*UTF8*$!
{
	archiveVersion = 1;
	classes = {
	};
	objectVersion = 77;
	objects = {

/* Begin PBXBuildFile section */
		C4C5BDB52D7F661800097770 /* SQLite in Frameworks */ = {isa = PBXBuildFile; productRef = C4C5BDB42D7F661800097770 /* SQLite */; };
		C4C68ADC2D85B96A004BE884 /* FirebaseAnalytics in Frameworks */ = {isa = PBXBuildFile; productRef = C4C68ADB2D85B96A004BE884 /* FirebaseAnalytics */; };
		C4C68ADE2D85B96A004BE884 /* FirebaseAnalyticsOnDeviceConversion in Frameworks */ = {isa = PBXBuildFile; productRef = C4C68ADD2D85B96A004BE884 /* FirebaseAnalyticsOnDeviceConversion */; };
		C4C68AE02D85B96A004BE884 /* FirebaseAnalyticsWithoutAdIdSupport in Frameworks */ = {isa = PBXBuildFile; productRef = C4C68ADF2D85B96A004BE884 /* FirebaseAnalyticsWithoutAdIdSupport */; };
		C4C68AE22D85B96A004BE884 /* FirebaseAppCheck in Frameworks */ = {isa = PBXBuildFile; productRef = C4C68AE12D85B96A004BE884 /* FirebaseAppCheck */; };
		C4C68AE42D85B96A004BE884 /* FirebaseAppDistribution-Beta in Frameworks */ = {isa = PBXBuildFile; productRef = C4C68AE32D85B96A004BE884 /* FirebaseAppDistribution-Beta */; };
		C4C68AE62D85B96A004BE884 /* FirebaseAuth in Frameworks */ = {isa = PBXBuildFile; productRef = C4C68AE52D85B96A004BE884 /* FirebaseAuth */; };
		C4C68AE82D85B96A004BE884 /* FirebaseAuthCombine-Community in Frameworks */ = {isa = PBXBuildFile; productRef = C4C68AE72D85B96A004BE884 /* FirebaseAuthCombine-Community */; };
		C4C68AEA2D85B96A004BE884 /* FirebaseCore in Frameworks */ = {isa = PBXBuildFile; productRef = C4C68AE92D85B96A004BE884 /* FirebaseCore */; };
		C4C68AEC2D85B96A004BE884 /* FirebaseCrashlytics in Frameworks */ = {isa = PBXBuildFile; productRef = C4C68AEB2D85B96A004BE884 /* FirebaseCrashlytics */; };
		C4C68AEE2D85B96A004BE884 /* FirebaseDatabase in Frameworks */ = {isa = PBXBuildFile; productRef = C4C68AED2D85B96A004BE884 /* FirebaseDatabase */; };
		C4C68AF02D85B96A004BE884 /* FirebaseDynamicLinks in Frameworks */ = {isa = PBXBuildFile; productRef = C4C68AEF2D85B96A004BE884 /* FirebaseDynamicLinks */; };
		C4C68AF22D85B96A004BE884 /* FirebaseFirestore in Frameworks */ = {isa = PBXBuildFile; productRef = C4C68AF12D85B96A004BE884 /* FirebaseFirestore */; };
		C4C68AF42D85B96A004BE884 /* FirebaseFirestoreCombine-Community in Frameworks */ = {isa = PBXBuildFile; productRef = C4C68AF32D85B96A004BE884 /* FirebaseFirestoreCombine-Community */; };
		C4C68AF62D85B96A004BE884 /* FirebaseFunctions in Frameworks */ = {isa = PBXBuildFile; productRef = C4C68AF52D85B96A004BE884 /* FirebaseFunctions */; };
		C4C68AF82D85B96A004BE884 /* FirebaseFunctionsCombine-Community in Frameworks */ = {isa = PBXBuildFile; productRef = C4C68AF72D85B96A004BE884 /* FirebaseFunctionsCombine-Community */; };
		C4C68AFA2D85B96A004BE884 /* FirebaseInAppMessaging-Beta in Frameworks */ = {isa = PBXBuildFile; productRef = C4C68AF92D85B96A004BE884 /* FirebaseInAppMessaging-Beta */; };
		C4C68AFC2D85B96A004BE884 /* FirebaseInstallations in Frameworks */ = {isa = PBXBuildFile; productRef = C4C68AFB2D85B96A004BE884 /* FirebaseInstallations */; };
		C4C68AFE2D85B96A004BE884 /* FirebaseMLModelDownloader in Frameworks */ = {isa = PBXBuildFile; productRef = C4C68AFD2D85B96A004BE884 /* FirebaseMLModelDownloader */; };
		C4C68B002D85B96A004BE884 /* FirebaseMessaging in Frameworks */ = {isa = PBXBuildFile; productRef = C4C68AFF2D85B96A004BE884 /* FirebaseMessaging */; };
		C4C68B022D85B96A004BE884 /* FirebasePerformance in Frameworks */ = {isa = PBXBuildFile; productRef = C4C68B012D85B96A004BE884 /* FirebasePerformance */; };
		C4C68B042D85B96A004BE884 /* FirebaseRemoteConfig in Frameworks */ = {isa = PBXBuildFile; productRef = C4C68B032D85B96A004BE884 /* FirebaseRemoteConfig */; };
		C4C68B062D85B96A004BE884 /* FirebaseStorage in Frameworks */ = {isa = PBXBuildFile; productRef = C4C68B052D85B96A004BE884 /* FirebaseStorage */; };
		C4C68B082D85B96A004BE884 /* FirebaseStorageCombine-Community in Frameworks */ = {isa = PBXBuildFile; productRef = C4C68B072D85B96A004BE884 /* FirebaseStorageCombine-Community */; };
		C4C68B0A2D85B96A004BE884 /* FirebaseVertexAI in Frameworks */ = {isa = PBXBuildFile; productRef = C4C68B092D85B96A004BE884 /* FirebaseVertexAI */; };
/* End PBXBuildFile section */

/* Begin PBXContainerItemProxy section */
		C4C5BD272D7D999C00097770 /* PBXContainerItemProxy */ = {
			isa = PBXContainerItemProxy;
			containerPortal = C4C5BD0E2D7D999B00097770 /* Project object */;
			proxyType = 1;
			remoteGlobalIDString = C4C5BD152D7D999B00097770;
			remoteInfo = KUHAR;
		};
		C4C5BD312D7D999C00097770 /* PBXContainerItemProxy */ = {
			isa = PBXContainerItemProxy;
			containerPortal = C4C5BD0E2D7D999B00097770 /* Project object */;
			proxyType = 1;
			remoteGlobalIDString = C4C5BD152D7D999B00097770;
			remoteInfo = KUHAR;
		};
/* End PBXContainerItemProxy section */

/* Begin PBXFileReference section */
		C4C5BD162D7D999B00097770 /* KUHAR.app */ = {isa = PBXFileReference; explicitFileType = wrapper.application; includeInIndex = 0; path = KUHAR.app; sourceTree = BUILT_PRODUCTS_DIR; };
		C4C5BD262D7D999C00097770 /* KUHARTests.xctest */ = {isa = PBXFileReference; explicitFileType = wrapper.cfbundle; includeInIndex = 0; path = KUHARTests.xctest; sourceTree = BUILT_PRODUCTS_DIR; };
		C4C5BD302D7D999C00097770 /* KUHARUITests.xctest */ = {isa = PBXFileReference; explicitFileType = wrapper.cfbundle; includeInIndex = 0; path = KUHARUITests.xctest; sourceTree = BUILT_PRODUCTS_DIR; };
/* End PBXFileReference section */

/* Begin PBXFileSystemSynchronizedRootGroup section */
		C4C5BD182D7D999B00097770 /* KUHAR */ = {
			isa = PBXFileSystemSynchronizedRootGroup;
			path = KUHAR;
			sourceTree = "<group>";
		};
		C4C5BD292D7D999C00097770 /* KUHARTests */ = {
			isa = PBXFileSystemSynchronizedRootGroup;
			path = KUHARTests;
			sourceTree = "<group>";
		};
		C4C5BD332D7D999C00097770 /* KUHARUITests */ = {
			isa = PBXFileSystemSynchronizedRootGroup;
			path = KUHARUITests;
			sourceTree = "<group>";
		};
/* End PBXFileSystemSynchronizedRootGroup section */

/* Begin PBXFrameworksBuildPhase section */
		C4C5BD132D7D999B00097770 /* Frameworks */ = {
			isa = PBXFrameworksBuildPhase;
			buildActionMask = 2147483647;
			files = (
				C4C68ADC2D85B96A004BE884 /* FirebaseAnalytics in Frameworks */,
				C4C68AF22D85B96A004BE884 /* FirebaseFirestore in Frameworks */,
				C4C68ADE2D85B96A004BE884 /* FirebaseAnalyticsOnDeviceConversion in Frameworks */,
				C4C68AFC2D85B96A004BE884 /* FirebaseInstallations in Frameworks */,
				C4C5BDB52D7F661800097770 /* SQLite in Frameworks */,
				C4C68AE22D85B96A004BE884 /* FirebaseAppCheck in Frameworks */,
				C4C68AFA2D85B96A004BE884 /* FirebaseInAppMessaging-Beta in Frameworks */,
				C4C68AE02D85B96A004BE884 /* FirebaseAnalyticsWithoutAdIdSupport in Frameworks */,
				C4C68AE62D85B96A004BE884 /* FirebaseAuth in Frameworks */,
				C4C68AF82D85B96A004BE884 /* FirebaseFunctionsCombine-Community in Frameworks */,
				C4C68B082D85B96A004BE884 /* FirebaseStorageCombine-Community in Frameworks */,
				C4C68AE42D85B96A004BE884 /* FirebaseAppDistribution-Beta in Frameworks */,
				C4C68B0A2D85B96A004BE884 /* FirebaseVertexAI in Frameworks */,
				C4C68B062D85B96A004BE884 /* FirebaseStorage in Frameworks */,
				C4C68B042D85B96A004BE884 /* FirebaseRemoteConfig in Frameworks */,
				C4C68AEC2D85B96A004BE884 /* FirebaseCrashlytics in Frameworks */,
				C4C68B002D85B96A004BE884 /* FirebaseMessaging in Frameworks */,
				C4C68AFE2D85B96A004BE884 /* FirebaseMLModelDownloader in Frameworks */,
				C4C68B022D85B96A004BE884 /* FirebasePerformance in Frameworks */,
				C4C68AEE2D85B96A004BE884 /* FirebaseDatabase in Frameworks */,
				C4C68AEA2D85B96A004BE884 /* FirebaseCore in Frameworks */,
				C4C68AE82D85B96A004BE884 /* FirebaseAuthCombine-Community in Frameworks */,
				C4C68AF62D85B96A004BE884 /* FirebaseFunctions in Frameworks */,
				C4C68AF02D85B96A004BE884 /* FirebaseDynamicLinks in Frameworks */,
				C4C68AF42D85B96A004BE884 /* FirebaseFirestoreCombine-Community in Frameworks */,
			);
			runOnlyForDeploymentPostprocessing = 0;
		};
		C4C5BD232D7D999C00097770 /* Frameworks */ = {
			isa = PBXFrameworksBuildPhase;
			buildActionMask = 2147483647;
			files = (
			);
			runOnlyForDeploymentPostprocessing = 0;
		};
		C4C5BD2D2D7D999C00097770 /* Frameworks */ = {
			isa = PBXFrameworksBuildPhase;
			buildActionMask = 2147483647;
			files = (
			);
			runOnlyForDeploymentPostprocessing = 0;
		};
/* End PBXFrameworksBuildPhase section */

/* Begin PBXGroup section */
		C4C5BD0D2D7D999B00097770 = {
			isa = PBXGroup;
			children = (
				C4C5BD182D7D999B00097770 /* KUHAR */,
				C4C5BD292D7D999C00097770 /* KUHARTests */,
				C4C5BD332D7D999C00097770 /* KUHARUITests */,
				C4C5BD172D7D999B00097770 /* Products */,
			);
			sourceTree = "<group>";
		};
		C4C5BD172D7D999B00097770 /* Products */ = {
			isa = PBXGroup;
			children = (
				C4C5BD162D7D999B00097770 /* KUHAR.app */,
				C4C5BD262D7D999C00097770 /* KUHARTests.xctest */,
				C4C5BD302D7D999C00097770 /* KUHARUITests.xctest */,
			);
			name = Products;
			sourceTree = "<group>";
		};
/* End PBXGroup section */

/* Begin PBXNativeTarget section */
		C4C5BD152D7D999B00097770 /* KUHAR */ = {
			isa = PBXNativeTarget;
			buildConfigurationList = C4C5BD3A2D7D999C00097770 /* Build configuration list for PBXNativeTarget "KUHAR" */;
			buildPhases = (
				C4C5BD122D7D999B00097770 /* Sources */,
				C4C5BD132D7D999B00097770 /* Frameworks */,
				C4C5BD142D7D999B00097770 /* Resources */,
			);
			buildRules = (
			);
			dependencies = (
			);
			fileSystemSynchronizedGroups = (
				C4C5BD182D7D999B00097770 /* KUHAR */,
			);
			name = KUHAR;
			packageProductDependencies = (
				C4C5BDB42D7F661800097770 /* SQLite */,
				C4C68ADB2D85B96A004BE884 /* FirebaseAnalytics */,
				C4C68ADD2D85B96A004BE884 /* FirebaseAnalyticsOnDeviceConversion */,
				C4C68ADF2D85B96A004BE884 /* FirebaseAnalyticsWithoutAdIdSupport */,
				C4C68AE12D85B96A004BE884 /* FirebaseAppCheck */,
				C4C68AE32D85B96A004BE884 /* FirebaseAppDistribution-Beta */,
				C4C68AE52D85B96A004BE884 /* FirebaseAuth */,
				C4C68AE72D85B96A004BE884 /* FirebaseAuthCombine-Community */,
				C4C68AE92D85B96A004BE884 /* FirebaseCore */,
				C4C68AEB2D85B96A004BE884 /* FirebaseCrashlytics */,
				C4C68AED2D85B96A004BE884 /* FirebaseDatabase */,
				C4C68AEF2D85B96A004BE884 /* FirebaseDynamicLinks */,
				C4C68AF12D85B96A004BE884 /* FirebaseFirestore */,
				C4C68AF32D85B96A004BE884 /* FirebaseFirestoreCombine-Community */,
				C4C68AF52D85B96A004BE884 /* FirebaseFunctions */,
				C4C68AF72D85B96A004BE884 /* FirebaseFunctionsCombine-Community */,
				C4C68AF92D85B96A004BE884 /* FirebaseInAppMessaging-Beta */,
				C4C68AFB2D85B96A004BE884 /* FirebaseInstallations */,
				C4C68AFD2D85B96A004BE884 /* FirebaseMLModelDownloader */,
				C4C68AFF2D85B96A004BE884 /* FirebaseMessaging */,
				C4C68B012D85B96A004BE884 /* FirebasePerformance */,
				C4C68B032D85B96A004BE884 /* FirebaseRemoteConfig */,
				C4C68B052D85B96A004BE884 /* FirebaseStorage */,
				C4C68B072D85B96A004BE884 /* FirebaseStorageCombine-Community */,
				C4C68B092D85B96A004BE884 /* FirebaseVertexAI */,
			);
			productName = KUHAR;
			productReference = C4C5BD162D7D999B00097770 /* KUHAR.app */;
			productType = "com.apple.product-type.application";
		};
		C4C5BD252D7D999C00097770 /* KUHARTests */ = {
			isa = PBXNativeTarget;
			buildConfigurationList = C4C5BD3D2D7D999C00097770 /* Build configuration list for PBXNativeTarget "KUHARTests" */;
			buildPhases = (
				C4C5BD222D7D999C00097770 /* Sources */,
				C4C5BD232D7D999C00097770 /* Frameworks */,
				C4C5BD242D7D999C00097770 /* Resources */,
			);
			buildRules = (
			);
			dependencies = (
				C4C5BD282D7D999C00097770 /* PBXTargetDependency */,
			);
			fileSystemSynchronizedGroups = (
				C4C5BD292D7D999C00097770 /* KUHARTests */,
			);
			name = KUHARTests;
			packageProductDependencies = (
			);
			productName = KUHARTests;
			productReference = C4C5BD262D7D999C00097770 /* KUHARTests.xctest */;
			productType = "com.apple.product-type.bundle.unit-test";
		};
		C4C5BD2F2D7D999C00097770 /* KUHARUITests */ = {
			isa = PBXNativeTarget;
			buildConfigurationList = C4C5BD402D7D999C00097770 /* Build configuration list for PBXNativeTarget "KUHARUITests" */;
			buildPhases = (
				C4C5BD2C2D7D999C00097770 /* Sources */,
				C4C5BD2D2D7D999C00097770 /* Frameworks */,
				C4C5BD2E2D7D999C00097770 /* Resources */,
			);
			buildRules = (
			);
			dependencies = (
				C4C5BD322D7D999C00097770 /* PBXTargetDependency */,
			);
			fileSystemSynchronizedGroups = (
				C4C5BD332D7D999C00097770 /* KUHARUITests */,
			);
			name = KUHARUITests;
			packageProductDependencies = (
			);
			productName = KUHARUITests;
			productReference = C4C5BD302D7D999C00097770 /* KUHARUITests.xctest */;
			productType = "com.apple.product-type.bundle.ui-testing";
		};
/* End PBXNativeTarget section */

/* Begin PBXProject section */
		C4C5BD0E2D7D999B00097770 /* Project object */ = {
			isa = PBXProject;
			attributes = {
				BuildIndependentTargetsInParallel = 1;
				LastSwiftUpdateCheck = 1620;
				LastUpgradeCheck = 1620;
				TargetAttributes = {
					C4C5BD152D7D999B00097770 = {
						CreatedOnToolsVersion = 16.2;
					};
					C4C5BD252D7D999C00097770 = {
						CreatedOnToolsVersion = 16.2;
						TestTargetID = C4C5BD152D7D999B00097770;
					};
					C4C5BD2F2D7D999C00097770 = {
						CreatedOnToolsVersion = 16.2;
						TestTargetID = C4C5BD152D7D999B00097770;
					};
				};
			};
			buildConfigurationList = C4C5BD112D7D999B00097770 /* Build configuration list for PBXProject "KUHAR" */;
			developmentRegion = en;
			hasScannedForEncodings = 0;
			knownRegions = (
				en,
				Base,
			);
			mainGroup = C4C5BD0D2D7D999B00097770;
			minimizedProjectReferenceProxies = 1;
			packageReferences = (
				C4C5BDB02D7F5FD900097770 /* XCRemoteSwiftPackageReference "SQLite" */,
				C4C5BE072D85B6C900097770 /* XCRemoteSwiftPackageReference "firebase-ios-sdk" */,
			);
			preferredProjectObjectVersion = 77;
			productRefGroup = C4C5BD172D7D999B00097770 /* Products */;
			projectDirPath = "";
			projectRoot = "";
			targets = (
				C4C5BD152D7D999B00097770 /* KUHAR */,
				C4C5BD252D7D999C00097770 /* KUHARTests */,
				C4C5BD2F2D7D999C00097770 /* KUHARUITests */,
			);
		};
/* End PBXProject section */

/* Begin PBXResourcesBuildPhase section */
		C4C5BD142D7D999B00097770 /* Resources */ = {
			isa = PBXResourcesBuildPhase;
			buildActionMask = 2147483647;
			files = (
			);
			runOnlyForDeploymentPostprocessing = 0;
		};
		C4C5BD242D7D999C00097770 /* Resources */ = {
			isa = PBXResourcesBuildPhase;
			buildActionMask = 2147483647;
			files = (
			);
			runOnlyForDeploymentPostprocessing = 0;
		};
		C4C5BD2E2D7D999C00097770 /* Resources */ = {
			isa = PBXResourcesBuildPhase;
			buildActionMask = 2147483647;
			files = (
			);
			runOnlyForDeploymentPostprocessing = 0;
		};
/* End PBXResourcesBuildPhase section */

/* Begin PBXSourcesBuildPhase section */
		C4C5BD122D7D999B00097770 /* Sources */ = {
			isa = PBXSourcesBuildPhase;
			buildActionMask = 2147483647;
			files = (
			);
			runOnlyForDeploymentPostprocessing = 0;
		};
		C4C5BD222D7D999C00097770 /* Sources */ = {
			isa = PBXSourcesBuildPhase;
			buildActionMask = 2147483647;
			files = (
			);
			runOnlyForDeploymentPostprocessing = 0;
		};
		C4C5BD2C2D7D999C00097770 /* Sources */ = {
			isa = PBXSourcesBuildPhase;
			buildActionMask = 2147483647;
			files = (
			);
			runOnlyForDeploymentPostprocessing = 0;
		};
/* End PBXSourcesBuildPhase section */

/* Begin PBXTargetDependency section */
		C4C5BD282D7D999C00097770 /* PBXTargetDependency */ = {
			isa = PBXTargetDependency;
			target = C4C5BD152D7D999B00097770 /* KUHAR */;
			targetProxy = C4C5BD272D7D999C00097770 /* PBXContainerItemProxy */;
		};
		C4C5BD322D7D999C00097770 /* PBXTargetDependency */ = {
			isa = PBXTargetDependency;
			target = C4C5BD152D7D999B00097770 /* KUHAR */;
			targetProxy = C4C5BD312D7D999C00097770 /* PBXContainerItemProxy */;
		};
/* End PBXTargetDependency section */

/* Begin XCBuildConfiguration section */
		C4C5BD382D7D999C00097770 /* Debug */ = {
			isa = XCBuildConfiguration;
			buildSettings = {
				ALWAYS_SEARCH_USER_PATHS = NO;
				ASSETCATALOG_COMPILER_GENERATE_SWIFT_ASSET_SYMBOL_EXTENSIONS = YES;
				CLANG_ANALYZER_NONNULL = YES;
				CLANG_ANALYZER_NUMBER_OBJECT_CONVERSION = YES_AGGRESSIVE;
				CLANG_CXX_LANGUAGE_STANDARD = "gnu++20";
				CLANG_ENABLE_MODULES = YES;
				CLANG_ENABLE_OBJC_ARC = YES;
				CLANG_ENABLE_OBJC_WEAK = YES;
				CLANG_WARN_BLOCK_CAPTURE_AUTORELEASING = YES;
				CLANG_WARN_BOOL_CONVERSION = YES;
				CLANG_WARN_COMMA = YES;
				CLANG_WARN_CONSTANT_CONVERSION = YES;
				CLANG_WARN_DEPRECATED_OBJC_IMPLEMENTATIONS = YES;
				CLANG_WARN_DIRECT_OBJC_ISA_USAGE = YES_ERROR;
				CLANG_WARN_DOCUMENTATION_COMMENTS = YES;
				CLANG_WARN_EMPTY_BODY = YES;
				CLANG_WARN_ENUM_CONVERSION = YES;
				CLANG_WARN_INFINITE_RECURSION = YES;
				CLANG_WARN_INT_CONVERSION = YES;
				CLANG_WARN_NON_LITERAL_NULL_CONVERSION = YES;
				CLANG_WARN_OBJC_IMPLICIT_RETAIN_SELF = YES;
				CLANG_WARN_OBJC_LITERAL_CONVERSION = YES;
				CLANG_WARN_OBJC_ROOT_CLASS = YES_ERROR;
				CLANG_WARN_QUOTED_INCLUDE_IN_FRAMEWORK_HEADER = YES;
				CLANG_WARN_RANGE_LOOP_ANALYSIS = YES;
				CLANG_WARN_STRICT_PROTOTYPES = YES;
				CLANG_WARN_SUSPICIOUS_MOVE = YES;
				CLANG_WARN_UNGUARDED_AVAILABILITY = YES_AGGRESSIVE;
				CLANG_WARN_UNREACHABLE_CODE = YES;
				CLANG_WARN__DUPLICATE_METHOD_MATCH = YES;
				COPY_PHASE_STRIP = NO;
				DEBUG_INFORMATION_FORMAT = dwarf;
				ENABLE_STRICT_OBJC_MSGSEND = YES;
				ENABLE_TESTABILITY = YES;
				ENABLE_USER_SCRIPT_SANDBOXING = YES;
				GCC_C_LANGUAGE_STANDARD = gnu17;
				GCC_DYNAMIC_NO_PIC = NO;
				GCC_NO_COMMON_BLOCKS = YES;
				GCC_OPTIMIZATION_LEVEL = 0;
				GCC_PREPROCESSOR_DEFINITIONS = (
					"DEBUG=1",
					"$(inherited)",
				);
				GCC_WARN_64_TO_32_BIT_CONVERSION = YES;
				GCC_WARN_ABOUT_RETURN_TYPE = YES_ERROR;
				GCC_WARN_UNDECLARED_SELECTOR = YES;
				GCC_WARN_UNINITIALIZED_AUTOS = YES_AGGRESSIVE;
				GCC_WARN_UNUSED_FUNCTION = YES;
				GCC_WARN_UNUSED_VARIABLE = YES;
				IPHONEOS_DEPLOYMENT_TARGET = 18.2;
				LOCALIZATION_PREFERS_STRING_CATALOGS = YES;
				MTL_ENABLE_DEBUG_INFO = INCLUDE_SOURCE;
				MTL_FAST_MATH = YES;
				ONLY_ACTIVE_ARCH = YES;
				SDKROOT = iphoneos;
				SWIFT_ACTIVE_COMPILATION_CONDITIONS = "DEBUG $(inherited)";
				SWIFT_OPTIMIZATION_LEVEL = "-Onone";
			};
			name = Debug;
		};
		C4C5BD392D7D999C00097770 /* Release */ = {
			isa = XCBuildConfiguration;
			buildSettings = {
				ALWAYS_SEARCH_USER_PATHS = NO;
				ASSETCATALOG_COMPILER_GENERATE_SWIFT_ASSET_SYMBOL_EXTENSIONS = YES;
				CLANG_ANALYZER_NONNULL = YES;
				CLANG_ANALYZER_NUMBER_OBJECT_CONVERSION = YES_AGGRESSIVE;
				CLANG_CXX_LANGUAGE_STANDARD = "gnu++20";
				CLANG_ENABLE_MODULES = YES;
				CLANG_ENABLE_OBJC_ARC = YES;
				CLANG_ENABLE_OBJC_WEAK = YES;
				CLANG_WARN_BLOCK_CAPTURE_AUTORELEASING = YES;
				CLANG_WARN_BOOL_CONVERSION = YES;
				CLANG_WARN_COMMA = YES;
				CLANG_WARN_CONSTANT_CONVERSION = YES;
				CLANG_WARN_DEPRECATED_OBJC_IMPLEMENTATIONS = YES;
				CLANG_WARN_DIRECT_OBJC_ISA_USAGE = YES_ERROR;
				CLANG_WARN_DOCUMENTATION_COMMENTS = YES;
				CLANG_WARN_EMPTY_BODY = YES;
				CLANG_WARN_ENUM_CONVERSION = YES;
				CLANG_WARN_INFINITE_RECURSION = YES;
				CLANG_WARN_INT_CONVERSION = YES;
				CLANG_WARN_NON_LITERAL_NULL_CONVERSION = YES;
				CLANG_WARN_OBJC_IMPLICIT_RETAIN_SELF = YES;
				CLANG_WARN_OBJC_LITERAL_CONVERSION = YES;
				CLANG_WARN_OBJC_ROOT_CLASS = YES_ERROR;
				CLANG_WARN_QUOTED_INCLUDE_IN_FRAMEWORK_HEADER = YES;
				CLANG_WARN_RANGE_LOOP_ANALYSIS = YES;
				CLANG_WARN_STRICT_PROTOTYPES = YES;
				CLANG_WARN_SUSPICIOUS_MOVE = YES;
				CLANG_WARN_UNGUARDED_AVAILABILITY = YES_AGGRESSIVE;
				CLANG_WARN_UNREACHABLE_CODE = YES;
				CLANG_WARN__DUPLICATE_METHOD_MATCH = YES;
				COPY_PHASE_STRIP = NO;
				DEBUG_INFORMATION_FORMAT = "dwarf-with-dsym";
				ENABLE_NS_ASSERTIONS = NO;
				ENABLE_STRICT_OBJC_MSGSEND = YES;
				ENABLE_USER_SCRIPT_SANDBOXING = YES;
				GCC_C_LANGUAGE_STANDARD = gnu17;
				GCC_NO_COMMON_BLOCKS = YES;
				GCC_WARN_64_TO_32_BIT_CONVERSION = YES;
				GCC_WARN_ABOUT_RETURN_TYPE = YES_ERROR;
				GCC_WARN_UNDECLARED_SELECTOR = YES;
				GCC_WARN_UNINITIALIZED_AUTOS = YES_AGGRESSIVE;
				GCC_WARN_UNUSED_FUNCTION = YES;
				GCC_WARN_UNUSED_VARIABLE = YES;
				IPHONEOS_DEPLOYMENT_TARGET = 18.2;
				LOCALIZATION_PREFERS_STRING_CATALOGS = YES;
				MTL_ENABLE_DEBUG_INFO = NO;
				MTL_FAST_MATH = YES;
				SDKROOT = iphoneos;
				SWIFT_COMPILATION_MODE = wholemodule;
				VALIDATE_PRODUCT = YES;
			};
			name = Release;
		};
		C4C5BD3B2D7D999C00097770 /* Debug */ = {
			isa = XCBuildConfiguration;
			buildSettings = {
				ASSETCATALOG_COMPILER_APPICON_NAME = AppIcon;
				ASSETCATALOG_COMPILER_GLOBAL_ACCENT_COLOR_NAME = AccentColor;
				CODE_SIGN_STYLE = Automatic;
				CURRENT_PROJECT_VERSION = 1;
				DEVELOPMENT_ASSET_PATHS = "\"KUHAR/Preview Content\"";
				ENABLE_PREVIEWS = YES;
				GENERATE_INFOPLIST_FILE = YES;
				INFOPLIST_KEY_UIApplicationSceneManifest_Generation = YES;
				INFOPLIST_KEY_UIApplicationSupportsIndirectInputEvents = YES;
				INFOPLIST_KEY_UILaunchScreen_Generation = YES;
				INFOPLIST_KEY_UISupportedInterfaceOrientations_iPad = "UIInterfaceOrientationPortrait UIInterfaceOrientationPortraitUpsideDown UIInterfaceOrientationLandscapeLeft UIInterfaceOrientationLandscapeRight";
				INFOPLIST_KEY_UISupportedInterfaceOrientations_iPhone = "UIInterfaceOrientationPortrait UIInterfaceOrientationLandscapeLeft UIInterfaceOrientationLandscapeRight";
				LD_RUNPATH_SEARCH_PATHS = (
					"$(inherited)",
					"@executable_path/Frameworks",
				);
				MARKETING_VERSION = 1.0;
				PRODUCT_BUNDLE_IDENTIFIER = com.kategorinova.KUHAR;
				PRODUCT_NAME = "$(TARGET_NAME)";
				SWIFT_EMIT_LOC_STRINGS = YES;
				SWIFT_VERSION = 5.0;
				TARGETED_DEVICE_FAMILY = "1,2";
			};
			name = Debug;
		};
		C4C5BD3C2D7D999C00097770 /* Release */ = {
			isa = XCBuildConfiguration;
			buildSettings = {
				ASSETCATALOG_COMPILER_APPICON_NAME = AppIcon;
				ASSETCATALOG_COMPILER_GLOBAL_ACCENT_COLOR_NAME = AccentColor;
				CODE_SIGN_STYLE = Automatic;
				CURRENT_PROJECT_VERSION = 1;
				DEVELOPMENT_ASSET_PATHS = "\"KUHAR/Preview Content\"";
				ENABLE_PREVIEWS = YES;
				GENERATE_INFOPLIST_FILE = YES;
				INFOPLIST_KEY_UIApplicationSceneManifest_Generation = YES;
				INFOPLIST_KEY_UIApplicationSupportsIndirectInputEvents = YES;
				INFOPLIST_KEY_UILaunchScreen_Generation = YES;
				INFOPLIST_KEY_UISupportedInterfaceOrientations_iPad = "UIInterfaceOrientationPortrait UIInterfaceOrientationPortraitUpsideDown UIInterfaceOrientationLandscapeLeft UIInterfaceOrientationLandscapeRight";
				INFOPLIST_KEY_UISupportedInterfaceOrientations_iPhone = "UIInterfaceOrientationPortrait UIInterfaceOrientationLandscapeLeft UIInterfaceOrientationLandscapeRight";
				LD_RUNPATH_SEARCH_PATHS = (
					"$(inherited)",
					"@executable_path/Frameworks",
				);
				MARKETING_VERSION = 1.0;
				PRODUCT_BUNDLE_IDENTIFIER = com.kategorinova.KUHAR;
				PRODUCT_NAME = "$(TARGET_NAME)";
				SWIFT_EMIT_LOC_STRINGS = YES;
				SWIFT_VERSION = 5.0;
				TARGETED_DEVICE_FAMILY = "1,2";
			};
			name = Release;
		};
		C4C5BD3E2D7D999C00097770 /* Debug */ = {
			isa = XCBuildConfiguration;
			buildSettings = {
				BUNDLE_LOADER = "$(TEST_HOST)";
				CODE_SIGN_STYLE = Automatic;
				CURRENT_PROJECT_VERSION = 1;
				GENERATE_INFOPLIST_FILE = YES;
				IPHONEOS_DEPLOYMENT_TARGET = 18.2;
				MARKETING_VERSION = 1.0;
				PRODUCT_BUNDLE_IDENTIFIER = com.kategorinova.KUHARTests;
				PRODUCT_NAME = "$(TARGET_NAME)";
				SWIFT_EMIT_LOC_STRINGS = NO;
				SWIFT_VERSION = 5.0;
				TARGETED_DEVICE_FAMILY = "1,2";
				TEST_HOST = "$(BUILT_PRODUCTS_DIR)/KUHAR.app/$(BUNDLE_EXECUTABLE_FOLDER_PATH)/KUHAR";
			};
			name = Debug;
		};
		C4C5BD3F2D7D999C00097770 /* Release */ = {
			isa = XCBuildConfiguration;
			buildSettings = {
				BUNDLE_LOADER = "$(TEST_HOST)";
				CODE_SIGN_STYLE = Automatic;
				CURRENT_PROJECT_VERSION = 1;
				GENERATE_INFOPLIST_FILE = YES;
				IPHONEOS_DEPLOYMENT_TARGET = 18.2;
				MARKETING_VERSION = 1.0;
				PRODUCT_BUNDLE_IDENTIFIER = com.kategorinova.KUHARTests;
				PRODUCT_NAME = "$(TARGET_NAME)";
				SWIFT_EMIT_LOC_STRINGS = NO;
				SWIFT_VERSION = 5.0;
				TARGETED_DEVICE_FAMILY = "1,2";
				TEST_HOST = "$(BUILT_PRODUCTS_DIR)/KUHAR.app/$(BUNDLE_EXECUTABLE_FOLDER_PATH)/KUHAR";
			};
			name = Release;
		};
		C4C5BD412D7D999C00097770 /* Debug */ = {
			isa = XCBuildConfiguration;
			buildSettings = {
				CODE_SIGN_STYLE = Automatic;
				CURRENT_PROJECT_VERSION = 1;
				GENERATE_INFOPLIST_FILE = YES;
				MARKETING_VERSION = 1.0;
				PRODUCT_BUNDLE_IDENTIFIER = com.kategorinova.KUHARUITests;
				PRODUCT_NAME = "$(TARGET_NAME)";
				SWIFT_EMIT_LOC_STRINGS = NO;
				SWIFT_VERSION = 5.0;
				TARGETED_DEVICE_FAMILY = "1,2";
				TEST_TARGET_NAME = KUHAR;
			};
			name = Debug;
		};
		C4C5BD422D7D999C00097770 /* Release */ = {
			isa = XCBuildConfiguration;
			buildSettings = {
				CODE_SIGN_STYLE = Automatic;
				CURRENT_PROJECT_VERSION = 1;
				GENERATE_INFOPLIST_FILE = YES;
				MARKETING_VERSION = 1.0;
				PRODUCT_BUNDLE_IDENTIFIER = com.kategorinova.KUHARUITests;
				PRODUCT_NAME = "$(TARGET_NAME)";
				SWIFT_EMIT_LOC_STRINGS = NO;
				SWIFT_VERSION = 5.0;
				TARGETED_DEVICE_FAMILY = "1,2";
				TEST_TARGET_NAME = KUHAR;
			};
			name = Release;
		};
/* End XCBuildConfiguration section */

/* Begin XCConfigurationList section */
		C4C5BD112D7D999B00097770 /* Build configuration list for PBXProject "KUHAR" */ = {
			isa = XCConfigurationList;
			buildConfigurations = (
				C4C5BD382D7D999C00097770 /* Debug */,
				C4C5BD392D7D999C00097770 /* Release */,
			);
			defaultConfigurationIsVisible = 0;
			defaultConfigurationName = Release;
		};
		C4C5BD3A2D7D999C00097770 /* Build configuration list for PBXNativeTarget "KUHAR" */ = {
			isa = XCConfigurationList;
			buildConfigurations = (
				C4C5BD3B2D7D999C00097770 /* Debug */,
				C4C5BD3C2D7D999C00097770 /* Release */,
			);
			defaultConfigurationIsVisible = 0;
			defaultConfigurationName = Release;
		};
		C4C5BD3D2D7D999C00097770 /* Build configuration list for PBXNativeTarget "KUHARTests" */ = {
			isa = XCConfigurationList;
			buildConfigurations = (
				C4C5BD3E2D7D999C00097770 /* Debug */,
				C4C5BD3F2D7D999C00097770 /* Release */,
			);
			defaultConfigurationIsVisible = 0;
			defaultConfigurationName = Release;
		};
		C4C5BD402D7D999C00097770 /* Build configuration list for PBXNativeTarget "KUHARUITests" */ = {
			isa = XCConfigurationList;
			buildConfigurations = (
				C4C5BD412D7D999C00097770 /* Debug */,
				C4C5BD422D7D999C00097770 /* Release */,
			);
			defaultConfigurationIsVisible = 0;
			defaultConfigurationName = Release;
		};
/* End XCConfigurationList section */

/* Begin XCRemoteSwiftPackageReference section */
		C4C5BDB02D7F5FD900097770 /* XCRemoteSwiftPackageReference "SQLite" */ = {
			isa = XCRemoteSwiftPackageReference;
			repositoryURL = "https://github.com/stephencelis/SQLite.swift";
			requirement = {
				kind = upToNextMajorVersion;
				minimumVersion = 0.15.3;
			};
		};
		C4C5BE072D85B6C900097770 /* XCRemoteSwiftPackageReference "firebase-ios-sdk" */ = {
			isa = XCRemoteSwiftPackageReference;
			repositoryURL = "https://github.com/firebase/firebase-ios-sdk";
			requirement = {
				kind = upToNextMajorVersion;
				minimumVersion = 11.9.0;
			};
		};
/* End XCRemoteSwiftPackageReference section */

/* Begin XCSwiftPackageProductDependency section */
		C4C5BDB42D7F661800097770 /* SQLite */ = {
			isa = XCSwiftPackageProductDependency;
			package = C4C5BDB02D7F5FD900097770 /* XCRemoteSwiftPackageReference "SQLite" */;
			productName = SQLite;
		};
		C4C68ADB2D85B96A004BE884 /* FirebaseAnalytics */ = {
			isa = XCSwiftPackageProductDependency;
			package = C4C5BE072D85B6C900097770 /* XCRemoteSwiftPackageReference "firebase-ios-sdk" */;
			productName = FirebaseAnalytics;
		};
		C4C68ADD2D85B96A004BE884 /* FirebaseAnalyticsOnDeviceConversion */ = {
			isa = XCSwiftPackageProductDependency;
			package = C4C5BE072D85B6C900097770 /* XCRemoteSwiftPackageReference "firebase-ios-sdk" */;
			productName = FirebaseAnalyticsOnDeviceConversion;
		};
		C4C68ADF2D85B96A004BE884 /* FirebaseAnalyticsWithoutAdIdSupport */ = {
			isa = XCSwiftPackageProductDependency;
			package = C4C5BE072D85B6C900097770 /* XCRemoteSwiftPackageReference "firebase-ios-sdk" */;
			productName = FirebaseAnalyticsWithoutAdIdSupport;
		};
		C4C68AE12D85B96A004BE884 /* FirebaseAppCheck */ = {
			isa = XCSwiftPackageProductDependency;
			package = C4C5BE072D85B6C900097770 /* XCRemoteSwiftPackageReference "firebase-ios-sdk" */;
			productName = FirebaseAppCheck;
		};
		C4C68AE32D85B96A004BE884 /* FirebaseAppDistribution-Beta */ = {
			isa = XCSwiftPackageProductDependency;
			package = C4C5BE072D85B6C900097770 /* XCRemoteSwiftPackageReference "firebase-ios-sdk" */;
			productName = "FirebaseAppDistribution-Beta";
		};
		C4C68AE52D85B96A004BE884 /* FirebaseAuth */ = {
			isa = XCSwiftPackageProductDependency;
			package = C4C5BE072D85B6C900097770 /* XCRemoteSwiftPackageReference "firebase-ios-sdk" */;
			productName = FirebaseAuth;
		};
		C4C68AE72D85B96A004BE884 /* FirebaseAuthCombine-Community */ = {
			isa = XCSwiftPackageProductDependency;
			package = C4C5BE072D85B6C900097770 /* XCRemoteSwiftPackageReference "firebase-ios-sdk" */;
			productName = "FirebaseAuthCombine-Community";
		};
		C4C68AE92D85B96A004BE884 /* FirebaseCore */ = {
			isa = XCSwiftPackageProductDependency;
			package = C4C5BE072D85B6C900097770 /* XCRemoteSwiftPackageReference "firebase-ios-sdk" */;
			productName = FirebaseCore;
		};
		C4C68AEB2D85B96A004BE884 /* FirebaseCrashlytics */ = {
			isa = XCSwiftPackageProductDependency;
			package = C4C5BE072D85B6C900097770 /* XCRemoteSwiftPackageReference "firebase-ios-sdk" */;
			productName = FirebaseCrashlytics;
		};
		C4C68AED2D85B96A004BE884 /* FirebaseDatabase */ = {
			isa = XCSwiftPackageProductDependency;
			package = C4C5BE072D85B6C900097770 /* XCRemoteSwiftPackageReference "firebase-ios-sdk" */;
			productName = FirebaseDatabase;
		};
		C4C68AEF2D85B96A004BE884 /* FirebaseDynamicLinks */ = {
			isa = XCSwiftPackageProductDependency;
			package = C4C5BE072D85B6C900097770 /* XCRemoteSwiftPackageReference "firebase-ios-sdk" */;
			productName = FirebaseDynamicLinks;
		};
		C4C68AF12D85B96A004BE884 /* FirebaseFirestore */ = {
			isa = XCSwiftPackageProductDependency;
			package = C4C5BE072D85B6C900097770 /* XCRemoteSwiftPackageReference "firebase-ios-sdk" */;
			productName = FirebaseFirestore;
		};
		C4C68AF32D85B96A004BE884 /* FirebaseFirestoreCombine-Community */ = {
			isa = XCSwiftPackageProductDependency;
			package = C4C5BE072D85B6C900097770 /* XCRemoteSwiftPackageReference "firebase-ios-sdk" */;
			productName = "FirebaseFirestoreCombine-Community";
		};
		C4C68AF52D85B96A004BE884 /* FirebaseFunctions */ = {
			isa = XCSwiftPackageProductDependency;
			package = C4C5BE072D85B6C900097770 /* XCRemoteSwiftPackageReference "firebase-ios-sdk" */;
			productName = FirebaseFunctions;
		};
		C4C68AF72D85B96A004BE884 /* FirebaseFunctionsCombine-Community */ = {
			isa = XCSwiftPackageProductDependency;
			package = C4C5BE072D85B6C900097770 /* XCRemoteSwiftPackageReference "firebase-ios-sdk" */;
			productName = "FirebaseFunctionsCombine-Community";
		};
		C4C68AF92D85B96A004BE884 /* FirebaseInAppMessaging-Beta */ = {
			isa = XCSwiftPackageProductDependency;
			package = C4C5BE072D85B6C900097770 /* XCRemoteSwiftPackageReference "firebase-ios-sdk" */;
			productName = "FirebaseInAppMessaging-Beta";
		};
		C4C68AFB2D85B96A004BE884 /* FirebaseInstallations */ = {
			isa = XCSwiftPackageProductDependency;
			package = C4C5BE072D85B6C900097770 /* XCRemoteSwiftPackageReference "firebase-ios-sdk" */;
			productName = FirebaseInstallations;
		};
		C4C68AFD2D85B96A004BE884 /* FirebaseMLModelDownloader */ = {
			isa = XCSwiftPackageProductDependency;
			package = C4C5BE072D85B6C900097770 /* XCRemoteSwiftPackageReference "firebase-ios-sdk" */;
			productName = FirebaseMLModelDownloader;
		};
		C4C68AFF2D85B96A004BE884 /* FirebaseMessaging */ = {
			isa = XCSwiftPackageProductDependency;
			package = C4C5BE072D85B6C900097770 /* XCRemoteSwiftPackageReference "firebase-ios-sdk" */;
			productName = FirebaseMessaging;
		};
		C4C68B012D85B96A004BE884 /* FirebasePerformance */ = {
			isa = XCSwiftPackageProductDependency;
			package = C4C5BE072D85B6C900097770 /* XCRemoteSwiftPackageReference "firebase-ios-sdk" */;
			productName = FirebasePerformance;
		};
		C4C68B032D85B96A004BE884 /* FirebaseRemoteConfig */ = {
			isa = XCSwiftPackageProductDependency;
			package = C4C5BE072D85B6C900097770 /* XCRemoteSwiftPackageReference "firebase-ios-sdk" */;
			productName = FirebaseRemoteConfig;
		};
		C4C68B052D85B96A004BE884 /* FirebaseStorage */ = {
			isa = XCSwiftPackageProductDependency;
			package = C4C5BE072D85B6C900097770 /* XCRemoteSwiftPackageReference "firebase-ios-sdk" */;
			productName = FirebaseStorage;
		};
		C4C68B072D85B96A004BE884 /* FirebaseStorageCombine-Community */ = {
			isa = XCSwiftPackageProductDependency;
			package = C4C5BE072D85B6C900097770 /* XCRemoteSwiftPackageReference "firebase-ios-sdk" */;
			productName = "FirebaseStorageCombine-Community";
		};
		C4C68B092D85B96A004BE884 /* FirebaseVertexAI */ = {
			isa = XCSwiftPackageProductDependency;
			package = C4C5BE072D85B6C900097770 /* XCRemoteSwiftPackageReference "firebase-ios-sdk" */;
			productName = FirebaseVertexAI;
		};
/* End XCSwiftPackageProductDependency section */
	};
	rootObject = C4C5BD0E2D7D999B00097770 /* Project object */;
}
